annotated-doc==0.0.5
annotated-types==0.8.0
anyio==4.15.1
bandit==1.9.4
certifi==2026.7.22
click==8.5.0
fastapi==0.141.1
h11==0.16.0
httpcore==1.0.9
httpx==0.28.1
idna==3.20
iniconfig==2.3.0
markdown-it-py==4.2.0
mdurl==0.1.2
packaging==26.3
pluggy==1.6.0
pydantic==2.13.5
pydantic-core==2.46.5
pygments==2.21.0
pytest==9.1.1
python-multipart==0.0.32
pyyaml==6.0.3
rich==15.0.0
starlette==1.6.0
stevedore==5.9.1
typing-extensions==4.16.0
typing-inspection==0.4.4
uvicorn==0.53.0
pycryptodome==3.23.0
paramiko==4.0.0
bcrypt==5.0.0
cffi==2.1.1
cryptography==50.0.1
invoke==3.0.3
pycparser==3.0
pynacl==1.6.2
tree-sitter==0.25.2
tree-sitter-php==0.24.1
python-docx==1.2.0
lxml==6.1.3
